// !$*UTF8*$!
{
	archiveVersion = 1;
	classes = {
	};
	objectVersion = 55;
	objects = {

/* Begin PBXBuildFile section */
		1C239EDE2776467500B5C24B /* MapViewModel.swift in Sources */ = {isa = PBXBuildFile; fileRef = 1C239EDD2776467500B5C24B /* MapViewModel.swift */; };
		1C239EE02776FCAB00B5C24B /* MapModel.swift in Sources */ = {isa = PBXBuildFile; fileRef = 1C239EDF2776FCAB00B5C24B /* MapModel.swift */; };
		1C239EE22777091D00B5C24B /* MapPinView.swift in Sources */ = {isa = PBXBuildFile; fileRef = 1C239EE12777091D00B5C24B /* MapPinView.swift */; };
		1C239EE6277724C100B5C24B /* CafeInfo.swift in Sources */ = {isa = PBXBuildFile; fileRef = 1C239EE5277724C100B5C24B /* CafeInfo.swift */; };
		1C239EEF2777682600B5C24B /* CafeBlockView.swift in Sources */ = {isa = PBXBuildFile; fileRef = 1C239EEE2777682600B5C24B /* CafeBlockView.swift */; };
		1C55FACD275F6B1200090274 /* CoffeeManApp.swift in Sources */ = {isa = PBXBuildFile; fileRef = 1C55FACC275F6B1200090274 /* CoffeeManApp.swift */; };
		1C55FACF275F6B1200090274 /* ContentView.swift in Sources */ = {isa = PBXBuildFile; fileRef = 1C55FACE275F6B1200090274 /* ContentView.swift */; };
		1C55FAD1275F6B1400090274 /* Assets.xcassets in Resources */ = {isa = PBXBuildFile; fileRef = 1C55FAD0275F6B1400090274 /* Assets.xcassets */; };
		1C55FAD4275F6B1400090274 /* Preview Assets.xcassets in Resources */ = {isa = PBXBuildFile; fileRef = 1C55FAD3275F6B1400090274 /* Preview Assets.xcassets */; };
		1C55FADB275F7B2400090274 /* CafeItem.swift in Sources */ = {isa = PBXBuildFile; fileRef = 1C55FADA275F7B2300090274 /* CafeItem.swift */; };
		1C55FADD275F7B8B00090274 /* CafeView.swift in Sources */ = {isa = PBXBuildFile; fileRef = 1C55FADC275F7B8B00090274 /* CafeView.swift */; };
		1C55FAE2275F818500090274 /* CafeViewModel.swift in Sources */ = {isa = PBXBuildFile; fileRef = 1C55FAE1275F818500090274 /* CafeViewModel.swift */; };
		1C55FAE4275F8B9500090274 /* IGViewModel.swift in Sources */ = {isa = PBXBuildFile; fileRef = 1C55FAE3275F8B9500090274 /* IGViewModel.swift */; };
		1C55FAE6275F8BD900090274 /* IGTagsItem.swift in Sources */ = {isa = PBXBuildFile; fileRef = 1C55FAE5275F8BD900090274 /* IGTagsItem.swift */; };
		1C55FAE8275F913A00090274 /* IGAccountItem.swift in Sources */ = {isa = PBXBuildFile; fileRef = 1C55FAE7275F913A00090274 /* IGAccountItem.swift */; };
		1C55FAEA275F980200090274 /* IGPage.swift in Sources */ = {isa = PBXBuildFile; fileRef = 1C55FAE9275F980200090274 /* IGPage.swift */; };
		1C69D8F127786D9D00743BAB /* SafariView.swift in Sources */ = {isa = PBXBuildFile; fileRef = 1C69D8F027786D9D00743BAB /* SafariView.swift */; };
		1C69D8F52778809800743BAB /* FavoriteListView.swift in Sources */ = {isa = PBXBuildFile; fileRef = 1C69D8F42778809800743BAB /* FavoriteListView.swift */; };
		1C69D8F72778814E00743BAB /* CafeNewsView.swift in Sources */ = {isa = PBXBuildFile; fileRef = 1C69D8F62778814E00743BAB /* CafeNewsView.swift */; };
		1C69D8F92778AD2100743BAB /* NewsViewModel.swift in Sources */ = {isa = PBXBuildFile; fileRef = 1C69D8F82778AD2100743BAB /* NewsViewModel.swift */; };
		1C69D8FB2778B03D00743BAB /* NewsItem.swift in Sources */ = {isa = PBXBuildFile; fileRef = 1C69D8FA2778B03D00743BAB /* NewsItem.swift */; };
		1C7DEA072772DD4100CAEC81 /* MapView.swift in Sources */ = {isa = PBXBuildFile; fileRef = 1C7DEA062772DD4100CAEC81 /* MapView.swift */; };
		1CFBF14E278017CC00C80A35 /* CafeMapView.swift in Sources */ = {isa = PBXBuildFile; fileRef = 1CFBF14D278017CC00C80A35 /* CafeMapView.swift */; };
		1CFBF1512780265600C80A35 /* CafeData.xcdatamodeld in Sources */ = {isa = PBXBuildFile; fileRef = 1CFBF14F2780265600C80A35 /* CafeData.xcdatamodeld */; };
		1CFBF1762780298800C80A35 /* Persistence.swift in Sources */ = {isa = PBXBuildFile; fileRef = 1CFBF1752780298800C80A35 /* Persistence.swift */; };
/* End PBXBuildFile section */

/* Begin PBXFileReference section */
		1C239EDD2776467500B5C24B /* MapViewModel.swift */ = {isa = PBXFileReference; lastKnownFileType = sourcecode.swift; path = MapViewModel.swift; sourceTree = "<group>"; };
		1C239EDF2776FCAB00B5C24B /* MapModel.swift */ = {isa = PBXFileReference; lastKnownFileType = sourcecode.swift; path = MapModel.swift; sourceTree = "<group>"; };
		1C239EE12777091D00B5C24B /* MapPinView.swift */ = {isa = PBXFileReference; lastKnownFileType = sourcecode.swift; path = MapPinView.swift; sourceTree = "<group>"; };
		1C239EE5277724C100B5C24B /* CafeInfo.swift */ = {isa = PBXFileReference; lastKnownFileType = sourcecode.swift; path = CafeInfo.swift; sourceTree = "<group>"; };
		1C239EEE2777682600B5C24B /* CafeBlockView.swift */ = {isa = PBXFileReference; lastKnownFileType = sourcecode.swift; path = CafeBlockView.swift; sourceTree = "<group>"; };
		1C55FAC9275F6B1200090274 /* CoffeeMan.app */ = {isa = PBXFileReference; explicitFileType = wrapper.application; includeInIndex = 0; path = CoffeeMan.app; sourceTree = BUILT_PRODUCTS_DIR; };
		1C55FACC275F6B1200090274 /* CoffeeManApp.swift */ = {isa = PBXFileReference; lastKnownFileType = sourcecode.swift; path = CoffeeManApp.swift; sourceTree = "<group>"; };
		1C55FACE275F6B1200090274 /* ContentView.swift */ = {isa = PBXFileReference; lastKnownFileType = sourcecode.swift; path = ContentView.swift; sourceTree = "<group>"; };
		1C55FAD0275F6B1400090274 /* Assets.xcassets */ = {isa = PBXFileReference; lastKnownFileType = folder.assetcatalog; path = Assets.xcassets; sourceTree = "<group>"; };
		1C55FAD3275F6B1400090274 /* Preview Assets.xcassets */ = {isa = PBXFileReference; lastKnownFileType = folder.assetcatalog; path = "Preview Assets.xcassets"; sourceTree = "<group>"; };
		1C55FADA275F7B2300090274 /* CafeItem.swift */ = {isa = PBXFileReference; lastKnownFileType = sourcecode.swift; path = CafeItem.swift; sourceTree = "<group>"; };
		1C55FADC275F7B8B00090274 /* CafeView.swift */ = {isa = PBXFileReference; lastKnownFileType = sourcecode.swift; path = CafeView.swift; sourceTree = "<group>"; };
		1C55FAE1275F818500090274 /* CafeViewModel.swift */ = {isa = PBXFileReference; lastKnownFileType = sourcecode.swift; path = CafeViewModel.swift; sourceTree = "<group>"; };
		1C55FAE3275F8B9500090274 /* IGViewModel.swift */ = {isa = PBXFileReference; lastKnownFileType = sourcecode.swift; path = IGViewModel.swift; sourceTree = "<group>"; };
		1C55FAE5275F8BD900090274 /* IGTagsItem.swift */ = {isa = PBXFileReference; lastKnownFileType = sourcecode.swift; path = IGTagsItem.swift; sourceTree = "<group>"; };
		1C55FAE7275F913A00090274 /* IGAccountItem.swift */ = {isa = PBXFileReference; lastKnownFileType = sourcecode.swift; path = IGAccountItem.swift; sourceTree = "<group>"; };
		1C55FAE9275F980200090274 /* IGPage.swift */ = {isa = PBXFileReference; lastKnownFileType = sourcecode.swift; path = IGPage.swift; sourceTree = "<group>"; };
		1C69D8F027786D9D00743BAB /* SafariView.swift */ = {isa = PBXFileReference; lastKnownFileType = sourcecode.swift; path = SafariView.swift; sourceTree = "<group>"; };
		1C69D8F42778809800743BAB /* FavoriteListView.swift */ = {isa = PBXFileReference; lastKnownFileType = sourcecode.swift; path = FavoriteListView.swift; sourceTree = "<group>"; };
		1C69D8F62778814E00743BAB /* CafeNewsView.swift */ = {isa = PBXFileReference; lastKnownFileType = sourcecode.swift; path = CafeNewsView.swift; sourceTree = "<group>"; };
		1C69D8F82778AD2100743BAB /* NewsViewModel.swift */ = {isa = PBXFileReference; lastKnownFileType = sourcecode.swift; path = NewsViewModel.swift; sourceTree = "<group>"; };
		1C69D8FA2778B03D00743BAB /* NewsItem.swift */ = {isa = PBXFileReference; lastKnownFileType = sourcecode.swift; path = NewsItem.swift; sourceTree = "<group>"; };
		1C7DEA062772DD4100CAEC81 /* MapView.swift */ = {isa = PBXFileReference; lastKnownFileType = sourcecode.swift; path = MapView.swift; sourceTree = "<group>"; };
		1CCD5A092781969300021C14 /* Info.plist */ = {isa = PBXFileReference; lastKnownFileType = text.plist; path = Info.plist; sourceTree = "<group>"; };
		1CFBF14D278017CC00C80A35 /* CafeMapView.swift */ = {isa = PBXFileReference; lastKnownFileType = sourcecode.swift; path = CafeMapView.swift; sourceTree = "<group>"; };
		1CFBF1502780265600C80A35 /* CoreData.xcdatamodel */ = {isa = PBXFileReference; lastKnownFileType = wrapper.xcdatamodel; path = CoreData.xcdatamodel; sourceTree = "<group>"; };
		1CFBF1752780298800C80A35 /* Persistence.swift */ = {isa = PBXFileReference; fileEncoding = 4; lastKnownFileType = sourcecode.swift; path = Persistence.swift; sourceTree = "<group>"; };
/* End PBXFileReference section */

/* Begin PBXFrameworksBuildPhase section */
		1C55FAC6275F6B1200090274 /* Frameworks */ = {
			isa = PBXFrameworksBuildPhase;
			buildActionMask = 2147483647;
			files = (
			);
			runOnlyForDeploymentPostprocessing = 0;
		};
/* End PBXFrameworksBuildPhase section */

/* Begin PBXGroup section */
		1C239EE4277724AC00B5C24B /* Cafe */ = {
			isa = PBXGroup;
			children = (
				1C55FADC275F7B8B00090274 /* CafeView.swift */,
				1C239EE5277724C100B5C24B /* CafeInfo.swift */,
				1C239EEE2777682600B5C24B /* CafeBlockView.swift */,
				1C69D8F62778814E00743BAB /* CafeNewsView.swift */,
				1CFBF14D278017CC00C80A35 /* CafeMapView.swift */,
			);
			path = Cafe;
			sourceTree = "<group>";
		};
		1C239EE727772D1100B5C24B /* Map */ = {
			isa = PBXGroup;
			children = (
				1C7DEA062772DD4100CAEC81 /* MapView.swift */,
				1C239EE12777091D00B5C24B /* MapPinView.swift */,
			);
			path = Map;
			sourceTree = "<group>";
		};
		1C239EE827772D1C00B5C24B /* Map */ = {
			isa = PBXGroup;
			children = (
				1C239EDF2776FCAB00B5C24B /* MapModel.swift */,
			);
			path = Map;
			sourceTree = "<group>";
		};
		1C239EE927772D2600B5C24B /* Map */ = {
			isa = PBXGroup;
			children = (
				1C239EDD2776467500B5C24B /* MapViewModel.swift */,
			);
			path = Map;
			sourceTree = "<group>";
		};
		1C239EEA27772D3100B5C24B /* Cafe */ = {
			isa = PBXGroup;
			children = (
				1C55FAE1275F818500090274 /* CafeViewModel.swift */,
			);
			path = Cafe;
			sourceTree = "<group>";
		};
		1C239EEB27772D3C00B5C24B /* Cafe */ = {
			isa = PBXGroup;
			children = (
				1C55FADA275F7B2300090274 /* CafeItem.swift */,
			);
			path = Cafe;
			sourceTree = "<group>";
		};
		1C55FAC0275F6B1100090274 = {
			isa = PBXGroup;
			children = (
				1C55FACB275F6B1200090274 /* CoffeeMan */,
				1C55FACA275F6B1200090274 /* Products */,
			);
			sourceTree = "<group>";
		};
		1C55FACA275F6B1200090274 /* Products */ = {
			isa = PBXGroup;
			children = (
				1C55FAC9275F6B1200090274 /* CoffeeMan.app */,
			);
			name = Products;
			sourceTree = "<group>";
		};
		1C55FACB275F6B1200090274 /* CoffeeMan */ = {
			isa = PBXGroup;
			children = (
				1CCD5A092781969300021C14 /* Info.plist */,
				1C55FAE0275F80DB00090274 /* views  */,
				1C55FADF275F80C900090274 /* models */,
				1C55FADE275F80B000090274 /* view models */,
				1C55FAD0275F6B1400090274 /* Assets.xcassets */,
				1C55FAD2275F6B1400090274 /* Preview Content */,
				1CFBF14F2780265600C80A35 /* CafeData.xcdatamodeld */,
				1CFBF1752780298800C80A35 /* Persistence.swift */,
			);
			path = CoffeeMan;
			sourceTree = "<group>";
		};
		1C55FAD2275F6B1400090274 /* Preview Content */ = {
			isa = PBXGroup;
			children = (
				1C55FAD3275F6B1400090274 /* Preview Assets.xcassets */,
			);
			path = "Preview Content";
			sourceTree = "<group>";
		};
		1C55FADE275F80B000090274 /* view models */ = {
			isa = PBXGroup;
			children = (
				1C239EEA27772D3100B5C24B /* Cafe */,
				1C239EE927772D2600B5C24B /* Map */,
				1C55FAE3275F8B9500090274 /* IGViewModel.swift */,
				1C69D8F82778AD2100743BAB /* NewsViewModel.swift */,
			);
			path = "view models";
			sourceTree = "<group>";
		};
		1C55FADF275F80C900090274 /* models */ = {
			isa = PBXGroup;
			children = (
				1C239EEB27772D3C00B5C24B /* Cafe */,
				1C239EE827772D1C00B5C24B /* Map */,
				1C55FAE5275F8BD900090274 /* IGTagsItem.swift */,
				1C55FAE7275F913A00090274 /* IGAccountItem.swift */,
				1C69D8FA2778B03D00743BAB /* NewsItem.swift */,
			);
			path = models;
			sourceTree = "<group>";
		};
		1C55FAE0275F80DB00090274 /* views  */ = {
			isa = PBXGroup;
			children = (
				1C239EE727772D1100B5C24B /* Map */,
				1C239EE4277724AC00B5C24B /* Cafe */,
				1C55FACE275F6B1200090274 /* ContentView.swift */,
				1C55FACC275F6B1200090274 /* CoffeeManApp.swift */,
				1C55FAE9275F980200090274 /* IGPage.swift */,
				1C69D8F027786D9D00743BAB /* SafariView.swift */,
				1C69D8F42778809800743BAB /* FavoriteListView.swift */,
			);
			path = "views ";
			sourceTree = "<group>";
		};
/* End PBXGroup section */

/* Begin PBXNativeTarget section */
		1C55FAC8275F6B1200090274 /* CoffeeMan */ = {
			isa = PBXNativeTarget;
			buildConfigurationList = 1C55FAD7275F6B1400090274 /* Build configuration list for PBXNativeTarget "CoffeeMan" */;
			buildPhases = (
				1C55FAC5275F6B1200090274 /* Sources */,
				1C55FAC6275F6B1200090274 /* Frameworks */,
				1C55FAC7275F6B1200090274 /* Resources */,
			);
			buildRules = (
			);
			dependencies = (
			);
			name = CoffeeMan;
			productName = CoffeeMan;
			productReference = 1C55FAC9275F6B1200090274 /* CoffeeMan.app */;
			productType = "com.apple.product-type.application";
		};
/* End PBXNativeTarget section */

/* Begin PBXProject section */
		1C55FAC1275F6B1100090274 /* Project object */ = {
			isa = PBXProject;
			attributes = {
				BuildIndependentTargetsInParallel = 1;
				LastSwiftUpdateCheck = 1300;
				LastUpgradeCheck = 1300;
				TargetAttributes = {
					1C55FAC8275F6B1200090274 = {
						CreatedOnToolsVersion = 13.0;
					};
				};
			};
			buildConfigurationList = 1C55FAC4275F6B1100090274 /* Build configuration list for PBXProject "CoffeeMan" */;
			compatibilityVersion = "Xcode 13.0";
			developmentRegion = en;
			hasScannedForEncodings = 0;
			knownRegions = (
				en,
				Base,
			);
			mainGroup = 1C55FAC0275F6B1100090274;
			productRefGroup = 1C55FACA275F6B1200090274 /* Products */;
			projectDirPath = "";
			projectRoot = "";
			targets = (
				1C55FAC8275F6B1200090274 /* CoffeeMan */,
			);
		};
/* End PBXProject section */

/* Begin PBXResourcesBuildPhase section */
		1C55FAC7275F6B1200090274 /* Resources */ = {
			isa = PBXResourcesBuildPhase;
			buildActionMask = 2147483647;
			files = (
				1C55FAD4275F6B1400090274 /* Preview Assets.xcassets in Resources */,
				1C55FAD1275F6B1400090274 /* Assets.xcassets in Resources */,
			);
			runOnlyForDeploymentPostprocessing = 0;
		};
/* End PBXResourcesBuildPhase section */

/* Begin PBXSourcesBuildPhase section */
		1C55FAC5275F6B1200090274 /* Sources */ = {
			isa = PBXSourcesBuildPhase;
			buildActionMask = 2147483647;
			files = (
				1C69D8F72778814E00743BAB /* CafeNewsView.swift in Sources */,
				1C239EE02776FCAB00B5C24B /* MapModel.swift in Sources */,
				1C55FAE2275F818500090274 /* CafeViewModel.swift in Sources */,
				1C239EE22777091D00B5C24B /* MapPinView.swift in Sources */,
				1C55FADD275F7B8B00090274 /* CafeView.swift in Sources */,
				1C239EDE2776467500B5C24B /* MapViewModel.swift in Sources */,
				1C7DEA072772DD4100CAEC81 /* MapView.swift in Sources */,
				1C55FAE8275F913A00090274 /* IGAccountItem.swift in Sources */,
				1C55FAEA275F980200090274 /* IGPage.swift in Sources */,
				1C69D8FB2778B03D00743BAB /* NewsItem.swift in Sources */,
				1C239EEF2777682600B5C24B /* CafeBlockView.swift in Sources */,
				1C69D8F127786D9D00743BAB /* SafariView.swift in Sources */,
				1C69D8F92778AD2100743BAB /* NewsViewModel.swift in Sources */,
				1C55FAE6275F8BD900090274 /* IGTagsItem.swift in Sources */,
				1CFBF1512780265600C80A35 /* CafeData.xcdatamodeld in Sources */,
				1CFBF1762780298800C80A35 /* Persistence.swift in Sources */,
				1C55FADB275F7B2400090274 /* CafeItem.swift in Sources */,
				1C55FAE4275F8B9500090274 /* IGViewModel.swift in Sources */,
				1C69D8F52778809800743BAB /* FavoriteListView.swift in Sources */,
				1CFBF14E278017CC00C80A35 /* CafeMapView.swift in Sources */,
				1C55FACF275F6B1200090274 /* ContentView.swift in Sources */,
				1C55FACD275F6B1200090274 /* CoffeeManApp.swift in Sources */,
				1C239EE6277724C100B5C24B /* CafeInfo.swift in Sources */,
			);
			runOnlyForDeploymentPostprocessing = 0;
		};
/* End PBXSourcesBuildPhase section */

/* Begin XCBuildConfiguration section */
		1C55FAD5275F6B1400090274 /* Debug */ = {
			isa = XCBuildConfiguration;
			buildSettings = {
				ALWAYS_SEARCH_USER_PATHS = NO;
				CLANG_ANALYZER_NONNULL = YES;
				CLANG_ANALYZER_NUMBER_OBJECT_CONVERSION = YES_AGGRESSIVE;
				CLANG_CXX_LANGUAGE_STANDARD = "gnu++17";
				CLANG_CXX_LIBRARY = "libc++";
				CLANG_ENABLE_MODULES = YES;
				CLANG_ENABLE_OBJC_ARC = YES;
				CLANG_ENABLE_OBJC_WEAK = YES;
				CLANG_WARN_BLOCK_CAPTURE_AUTORELEASING = YES;
				CLANG_WARN_BOOL_CONVERSION = YES;
				CLANG_WARN_COMMA = YES;
				CLANG_WARN_CONSTANT_CONVERSION = YES;
				CLANG_WARN_DEPRECATED_OBJC_IMPLEMENTATIONS = YES;
				CLANG_WARN_DIRECT_OBJC_ISA_USAGE = YES_ERROR;
				CLANG_WARN_DOCUMENTATION_COMMENTS = YES;
				CLANG_WARN_EMPTY_BODY = YES;
				CLANG_WARN_ENUM_CONVERSION = YES;
				CLANG_WARN_INFINITE_RECURSION = YES;
				CLANG_WARN_INT_CONVERSION = YES;
				CLANG_WARN_NON_LITERAL_NULL_CONVERSION = YES;
				CLANG_WARN_OBJC_IMPLICIT_RETAIN_SELF = YES;
				CLANG_WARN_OBJC_LITERAL_CONVERSION = YES;
				CLANG_WARN_OBJC_ROOT_CLASS = YES_ERROR;
				CLANG_WARN_QUOTED_INCLUDE_IN_FRAMEWORK_HEADER = YES;
				CLANG_WARN_RANGE_LOOP_ANALYSIS = YES;
				CLANG_WARN_STRICT_PROTOTYPES = YES;
				CLANG_WARN_SUSPICIOUS_MOVE = YES;
				CLANG_WARN_UNGUARDED_AVAILABILITY = YES_AGGRESSIVE;
				CLANG_WARN_UNREACHABLE_CODE = YES;
				CLANG_WARN__DUPLICATE_METHOD_MATCH = YES;
				COPY_PHASE_STRIP = NO;
				DEBUG_INFORMATION_FORMAT = dwarf;
				ENABLE_STRICT_OBJC_MSGSEND = YES;
				ENABLE_TESTABILITY = YES;
				GCC_C_LANGUAGE_STANDARD = gnu11;
				GCC_DYNAMIC_NO_PIC = NO;
				GCC_NO_COMMON_BLOCKS = YES;
				GCC_OPTIMIZATION_LEVEL = 0;
				GCC_PREPROCESSOR_DEFINITIONS = (
					"DEBUG=1",
					"$(inherited)",
				);
				GCC_WARN_64_TO_32_BIT_CONVERSION = YES;
				GCC_WARN_ABOUT_RETURN_TYPE = YES_ERROR;
				GCC_WARN_UNDECLARED_SELECTOR = YES;
				GCC_WARN_UNINITIALIZED_AUTOS = YES_AGGRESSIVE;
				GCC_WARN_UNUSED_FUNCTION = YES;
				GCC_WARN_UNUSED_VARIABLE = YES;
				IPHONEOS_DEPLOYMENT_TARGET = 15.0;
				MTL_ENABLE_DEBUG_INFO = INCLUDE_SOURCE;
				MTL_FAST_MATH = YES;
				ONLY_ACTIVE_ARCH = YES;
				SDKROOT = iphoneos;
				SWIFT_ACTIVE_COMPILATION_CONDITIONS = DEBUG;
				SWIFT_OPTIMIZATION_LEVEL = "-Onone";
			};
			name = Debug;
		};
		1C55FAD6275F6B1400090274 /* Release */ = {
			isa = XCBuildConfiguration;
			buildSettings = {
				ALWAYS_SEARCH_USER_PATHS = NO;
				CLANG_ANALYZER_NONNULL = YES;
				CLANG_ANALYZER_NUMBER_OBJECT_CONVERSION = YES_AGGRESSIVE;
				CLANG_CXX_LANGUAGE_STANDARD = "gnu++17";
				CLANG_CXX_LIBRARY = "libc++";
				CLANG_ENABLE_MODULES = YES;
				CLANG_ENABLE_OBJC_ARC = YES;
				CLANG_ENABLE_OBJC_WEAK = YES;
				CLANG_WARN_BLOCK_CAPTURE_AUTORELEASING = YES;
				CLANG_WARN_BOOL_CONVERSION = YES;
				CLANG_WARN_COMMA = YES;
				CLANG_WARN_CONSTANT_CONVERSION = YES;
				CLANG_WARN_DEPRECATED_OBJC_IMPLEMENTATIONS = YES;
				CLANG_WARN_DIRECT_OBJC_ISA_USAGE = YES_ERROR;
				CLANG_WARN_DOCUMENTATION_COMMENTS = YES;
				CLANG_WARN_EMPTY_BODY = YES;
				CLANG_WARN_ENUM_CONVERSION = YES;
				CLANG_WARN_INFINITE_RECURSION = YES;
				CLANG_WARN_INT_CONVERSION = YES;
				CLANG_WARN_NON_LITERAL_NULL_CONVERSION = YES;
				CLANG_WARN_OBJC_IMPLICIT_RETAIN_SELF = YES;
				CLANG_WARN_OBJC_LITERAL_CONVERSION = YES;
				CLANG_WARN_OBJC_ROOT_CLASS = YES_ERROR;
				CLANG_WARN_QUOTED_INCLUDE_IN_FRAMEWORK_HEADER = YES;
				CLANG_WARN_RANGE_LOOP_ANALYSIS = YES;
				CLANG_WARN_STRICT_PROTOTYPES = YES;
				CLANG_WARN_SUSPICIOUS_MOVE = YES;
				CLANG_WARN_UNGUARDED_AVAILABILITY = YES_AGGRESSIVE;
				CLANG_WARN_UNREACHABLE_CODE = YES;
				CLANG_WARN__DUPLICATE_METHOD_MATCH = YES;
				COPY_PHASE_STRIP = NO;
				DEBUG_INFORMATION_FORMAT = "dwarf-with-dsym";
				ENABLE_NS_ASSERTIONS = NO;
				ENABLE_STRICT_OBJC_MSGSEND = YES;
				GCC_C_LANGUAGE_STANDARD = gnu11;
				GCC_NO_COMMON_BLOCKS = YES;
				GCC_WARN_64_TO_32_BIT_CONVERSION = YES;
				GCC_WARN_ABOUT_RETURN_TYPE = YES_ERROR;
				GCC_WARN_UNDECLARED_SELECTOR = YES;
				GCC_WARN_UNINITIALIZED_AUTOS = YES_AGGRESSIVE;
				GCC_WARN_UNUSED_FUNCTION = YES;
				GCC_WARN_UNUSED_VARIABLE = YES;
				IPHONEOS_DEPLOYMENT_TARGET = 15.0;
				MTL_ENABLE_DEBUG_INFO = NO;
				MTL_FAST_MATH = YES;
				SDKROOT = iphoneos;
				SWIFT_COMPILATION_MODE = wholemodule;
				SWIFT_OPTIMIZATION_LEVEL = "-O";
				VALIDATE_PRODUCT = YES;
			};
			name = Release;
		};
		1C55FAD8275F6B1400090274 /* Debug */ = {
			isa = XCBuildConfiguration;
			buildSettings = {
				ASSETCATALOG_COMPILER_APPICON_NAME = AppIcon;
				ASSETCATALOG_COMPILER_GLOBAL_ACCENT_COLOR_NAME = AccentColor;
				CODE_SIGN_STYLE = Automatic;
				CURRENT_PROJECT_VERSION = 1;
				DEVELOPMENT_ASSET_PATHS = "\"CoffeeMan/Preview Content\"";
				DEVELOPMENT_TEAM = 55B2ZWU734;
				ENABLE_PREVIEWS = YES;
				GENERATE_INFOPLIST_FILE = YES;
				INFOPLIST_FILE = CoffeeMan/Info.plist;
				INFOPLIST_KEY_NSLocationWhenInUseUsageDescription = "This app needs your location to show is on the map ";
				INFOPLIST_KEY_UIApplicationSceneManifest_Generation = YES;
				INFOPLIST_KEY_UIApplicationSupportsIndirectInputEvents = YES;
				INFOPLIST_KEY_UILaunchScreen_Generation = YES;
				INFOPLIST_KEY_UISupportedInterfaceOrientations_iPad = "UIInterfaceOrientationPortrait UIInterfaceOrientationPortraitUpsideDown UIInterfaceOrientationLandscapeLeft UIInterfaceOrientationLandscapeRight";
				INFOPLIST_KEY_UISupportedInterfaceOrientations_iPhone = "UIInterfaceOrientationPortrait UIInterfaceOrientationLandscapeLeft UIInterfaceOrientationLandscapeRight";
				IPHONEOS_DEPLOYMENT_TARGET = 15.0;
				LD_RUNPATH_SEARCH_PATHS = (
					"$(inherited)",
					"@executable_path/Frameworks",
				);
				MARKETING_VERSION = 1.0;
				PRODUCT_BUNDLE_IDENTIFIER = com.mark.CoffeeMan;
				PRODUCT_NAME = "$(TARGET_NAME)";
				SWIFT_EMIT_LOC_STRINGS = YES;
				SWIFT_VERSION = 5.0;
				TARGETED_DEVICE_FAMILY = "1,2";
			};
			name = Debug;
		};
		1C55FAD9275F6B1400090274 /* Release */ = {
			isa = XCBuildConfiguration;
			buildSettings = {
				ASSETCATALOG_COMPILER_APPICON_NAME = AppIcon;
				ASSETCATALOG_COMPILER_GLOBAL_ACCENT_COLOR_NAME = AccentColor;
				CODE_SIGN_STYLE = Automatic;
				CURRENT_PROJECT_VERSION = 1;
				DEVELOPMENT_ASSET_PATHS = "\"CoffeeMan/Preview Content\"";
				DEVELOPMENT_TEAM = 55B2ZWU734;
				ENABLE_PREVIEWS = YES;
				GENERATE_INFOPLIST_FILE = YES;
				INFOPLIST_FILE = CoffeeMan/Info.plist;
				INFOPLIST_KEY_NSLocationWhenInUseUsageDescription = "This app needs your location to show is on the map ";
				INFOPLIST_KEY_UIApplicationSceneManifest_Generation = YES;
				INFOPLIST_KEY_UIApplicationSupportsIndirectInputEvents = YES;
				INFOPLIST_KEY_UILaunchScreen_Generation = YES;
				INFOPLIST_KEY_UISupportedInterfaceOrientations_iPad = "UIInterfaceOrientationPortrait UIInterfaceOrientationPortraitUpsideDown UIInterfaceOrientationLandscapeLeft UIInterfaceOrientationLandscapeRight";
				INFOPLIST_KEY_UISupportedInterfaceOrientations_iPhone = "UIInterfaceOrientationPortrait UIInterfaceOrientationLandscapeLeft UIInterfaceOrientationLandscapeRight";
				IPHONEOS_DEPLOYMENT_TARGET = 15.0;
				LD_RUNPATH_SEARCH_PATHS = (
					"$(inherited)",
					"@executable_path/Frameworks",
				);
				MARKETING_VERSION = 1.0;
				PRODUCT_BUNDLE_IDENTIFIER = com.mark.CoffeeMan;
				PRODUCT_NAME = "$(TARGET_NAME)";
				SWIFT_EMIT_LOC_STRINGS = YES;
				SWIFT_VERSION = 5.0;
				TARGETED_DEVICE_FAMILY = "1,2";
			};
			name = Release;
		};
/* End XCBuildConfiguration section */

/* Begin XCConfigurationList section */
		1C55FAC4275F6B1100090274 /* Build configuration list for PBXProject "CoffeeMan" */ = {
			isa = XCConfigurationList;
			buildConfigurations = (
				1C55FAD5275F6B1400090274 /* Debug */,
				1C55FAD6275F6B1400090274 /* Release */,
			);
			defaultConfigurationIsVisible = 0;
			defaultConfigurationName = Release;
		};
		1C55FAD7275F6B1400090274 /* Build configuration list for PBXNativeTarget "CoffeeMan" */ = {
			isa = XCConfigurationList;
			buildConfigurations = (
				1C55FAD8275F6B1400090274 /* Debug */,
				1C55FAD9275F6B1400090274 /* Release */,
			);
			defaultConfigurationIsVisible = 0;
			defaultConfigurationName = Release;
		};
/* End XCConfigurationList section */

/* Begin XCVersionGroup section */
		1CFBF14F2780265600C80A35 /* CafeData.xcdatamodeld */ = {
			isa = XCVersionGroup;
			children = (
				1CFBF1502780265600C80A35 /* CoreData.xcdatamodel */,
			);
			currentVersion = 1CFBF1502780265600C80A35 /* CoreData.xcdatamodel */;
			path = CafeData.xcdatamodeld;
			sourceTree = "<group>";
			versionGroupType = wrapper.xcdatamodel;
		};
/* End XCVersionGroup section */
	};
	rootObject = 1C55FAC1275F6B1100090274 /* Project object */;
}
